{
  "version": 4,
  "terraform_version": "1.15.2",
  "serial": 42,
  "lineage": "c40525f1-2b81-dfbb-e047-019de3df985b",
  "outputs": {
    "db_ip": {
      "value": "192.168.122.242",
      "type": "string"
    },
    "worker_ip": {
      "value": "192.168.122.87",
      "type": "string"
    }
  },
  "resources": [
    {
      "mode": "managed",
      "type": "libvirt_cloudinit_disk",
      "name": "db",
      "provider": "provider[\"registry.terraform.io/dmacvicar/libvirt\"]",
      "instances": [
        {
          "schema_version": 0,
          "attributes": {
            "id": "/var/lib/libvirt/images/db-init.iso;6273ea10-ae03-419f-beb6-e9ee596e98eb",
            "meta_data": "",
            "name": "db-init.iso",
            "network_config": "",
            "pool": "default",
            "user_data": "#cloud-config\n\nhostname: lab4-db\nmanage_etc_hosts: true\n\nusers:\n  - name: ansible\n    shell: /bin/bash\n    sudo: ALL=(ALL) NOPASSWD:ALL\n    ssh_authorized_keys:\n      - ssh-rsa AAAAB3NzaC1yc2EAAAADAQABAAACAQDErET4g0BkpBGj/LoMQPGjLxs/ul8oSWF1kYCtyG8iYy/id+NMU3VXqoZZ2TeTJWzeV1A4Zjr1tjwZltPNBGUPgyd4vnPlP4vkYIaotIcRIf4Ks/auqrFMGGif7o8E1N1bMrK1J1xc02H/FZECIE1czCyWeRGQKqBzYWzwA7kowQY0f8lphTxtSYAAIFMegxO/cyVeaFtXIshTeIckZowzqOpPT5td9xdPF43kWPJVPC9dpzK5J8ds2jfKsd3mPYP4N5NS2JroguQrixHp3jf1D7CdnLkXEXOVU/l2EBjoLbGkYf3biRPhIDZe9cAETU74dZYIiIw4ln9koYudn4Ny/ZqpxUWa2RSDkmq3WFmYNdK47kx62XoXyzNeS1plc/6ay4eYyJOtmnQ6ykZ+X4wVkpycXIIOiq9FTWBnVYunUembERT5iW19clEUSMkFNS5iFIhYz/8kFE1fbEzvWvVjXGlvy50gEJaMNUUfRgqM5aznOxazi85x6gucV7jycTDYYbJcCK9r32xNKZrjhXNwP3qwZUsHpN7JIrhJW/lmVtm23cilo5NkjQnyk97m/3fv98+YRBxPBRPhdmfpDW3pp1FHbryu8OLrj4uw282PowSlEvmDbxBIf7PkjZgDQGcGC6/9QQic0bJGgdHtnVtUsTViaQ1MJIAob6oI48nZ1w== misha@Nitro5\n\nwrite_files:\n  - path: /etc/netplan/99-hostonly.yaml\n    content: |\n      network:\n        version: 2\n        ethernets:\n          enp0s8:\n            addresses:\n              - 192.168.56.11/24\n\nruncmd:\n  - netplan apply\n"
          },
          "sensitive_attributes": [],
          "identity_schema_version": 0,
          "private": "bnVsbA=="
        }
      ]
    },
    {
      "mode": "managed",
      "type": "libvirt_cloudinit_disk",
      "name": "worker",
      "provider": "provider[\"registry.terraform.io/dmacvicar/libvirt\"]",
      "instances": [
        {
          "schema_version": 0,
          "attributes": {
            "id": "/var/lib/libvirt/images/worker-init.iso;36e9f53f-0165-48f5-9fe7-1f18889e710c",
            "meta_data": "",
            "name": "worker-init.iso",
            "network_config": "",
            "pool": "default",
            "user_data": "#cloud-config\n\nhostname: lab4-worker\nmanage_etc_hosts: true\n\nusers:\n  - name: ansible\n    shell: /bin/bash\n    sudo: ALL=(ALL) NOPASSWD:ALL\n    ssh_authorized_keys:\n      - ssh-rsa AAAAB3NzaC1yc2EAAAADAQABAAACAQDErET4g0BkpBGj/LoMQPGjLxs/ul8oSWF1kYCtyG8iYy/id+NMU3VXqoZZ2TeTJWzeV1A4Zjr1tjwZltPNBGUPgyd4vnPlP4vkYIaotIcRIf4Ks/auqrFMGGif7o8E1N1bMrK1J1xc02H/FZECIE1czCyWeRGQKqBzYWzwA7kowQY0f8lphTxtSYAAIFMegxO/cyVeaFtXIshTeIckZowzqOpPT5td9xdPF43kWPJVPC9dpzK5J8ds2jfKsd3mPYP4N5NS2JroguQrixHp3jf1D7CdnLkXEXOVU/l2EBjoLbGkYf3biRPhIDZe9cAETU74dZYIiIw4ln9koYudn4Ny/ZqpxUWa2RSDkmq3WFmYNdK47kx62XoXyzNeS1plc/6ay4eYyJOtmnQ6ykZ+X4wVkpycXIIOiq9FTWBnVYunUembERT5iW19clEUSMkFNS5iFIhYz/8kFE1fbEzvWvVjXGlvy50gEJaMNUUfRgqM5aznOxazi85x6gucV7jycTDYYbJcCK9r32xNKZrjhXNwP3qwZUsHpN7JIrhJW/lmVtm23cilo5NkjQnyk97m/3fv98+YRBxPBRPhdmfpDW3pp1FHbryu8OLrj4uw282PowSlEvmDbxBIf7PkjZgDQGcGC6/9QQic0bJGgdHtnVtUsTViaQ1MJIAob6oI48nZ1w== misha@Nitro5\n\nwrite_files:\n  - path: /etc/netplan/99-hostonly.yaml\n    content: |\n      network:\n        version: 2\n        ethernets:\n          enp0s8:\n            addresses:\n              - 192.168.56.10/24\n\nruncmd:\n  - netplan apply\n"
          },
          "sensitive_attributes": [],
          "identity_schema_version": 0,
          "private": "bnVsbA=="
        }
      ]
    },
    {
      "mode": "managed",
      "type": "libvirt_domain",
      "name": "db",
      "provider": "provider[\"registry.terraform.io/dmacvicar/libvirt\"]",
      "instances": [
        {
          "schema_version": 0,
          "attributes": {
            "arch": "x86_64",
            "autostart": false,
            "boot_device": [],
            "cloudinit": "/var/lib/libvirt/images/db-init.iso;6273ea10-ae03-419f-beb6-e9ee596e98eb",
            "cmdline": null,
            "console": [
              {
                "source_host": "127.0.0.1",
                "source_path": "",
                "source_service": "0",
                "target_port": "0",
                "target_type": "serial",
                "type": "pty"
              }
            ],
            "coreos_ignition": null,
            "cpu": [
              {
                "mode": "custom"
              }
            ],
            "description": "",
            "disk": [
              {
                "block_device": "",
                "file": "",
                "scsi": false,
                "url": "",
                "volume_id": "/var/lib/libvirt/images/db.qcow2",
                "wwn": ""
              }
            ],
            "emulator": "/usr/bin/qemu-system-x86_64",
            "filesystem": [],
            "firmware": null,
            "fw_cfg_name": "opt/com.coreos/config",
            "graphics": [],
            "id": "eb1b639e-aa6a-4764-a18f-5df8be035c02",
            "initrd": "",
            "kernel": "",
            "machine": "ubuntu",
            "memory": 512,
            "metadata": null,
            "name": "lab4-db",
            "network_interface": [
              {
                "addresses": [
                  "192.168.122.242"
                ],
                "bridge": "",
                "hostname": "",
                "mac": "52:54:00:E2:FA:4B",
                "macvtap": "",
                "network_id": "4a302cab-5774-4344-bad9-734e9e924eb1",
                "network_name": "default",
                "passthrough": "",
                "vepa": "",
                "wait_for_lease": true
              }
            ],
            "nvram": [],
            "qemu_agent": false,
            "running": true,
            "timeouts": null,
            "tpm": [],
            "type": "kvm",
            "vcpu": 1,
            "video": [],
            "xml": []
          },
          "sensitive_attributes": [],
          "identity_schema_version": 0,
          "private": "eyJlMmJmYjczMC1lY2FhLTExZTYtOGY4OC0zNDM2M2JjN2M0YzAiOnsiY3JlYXRlIjozMDAwMDAwMDAwMDB9fQ==",
          "dependencies": [
            "libvirt_cloudinit_disk.db",
            "libvirt_volume.db",
            "libvirt_volume.ubuntu_base"
          ]
        }
      ]
    },
    {
      "mode": "managed",
      "type": "libvirt_domain",
      "name": "worker",
      "provider": "provider[\"registry.terraform.io/dmacvicar/libvirt\"]",
      "instances": [
        {
          "schema_version": 0,
          "attributes": {
            "arch": "x86_64",
            "autostart": false,
            "boot_device": [],
            "cloudinit": "/var/lib/libvirt/images/worker-init.iso;36e9f53f-0165-48f5-9fe7-1f18889e710c",
            "cmdline": null,
            "console": [
              {
                "source_host": "127.0.0.1",
                "source_path": "",
                "source_service": "0",
                "target_port": "0",
                "target_type": "serial",
                "type": "pty"
              }
            ],
            "coreos_ignition": null,
            "cpu": [
              {
                "mode": "custom"
              }
            ],
            "description": "",
            "disk": [
              {
                "block_device": "",
                "file": "",
                "scsi": false,
                "url": "",
                "volume_id": "/var/lib/libvirt/images/worker.qcow2",
                "wwn": ""
              }
            ],
            "emulator": "/usr/bin/qemu-system-x86_64",
            "filesystem": [],
            "firmware": null,
            "fw_cfg_name": "opt/com.coreos/config",
            "graphics": [],
            "id": "6b35ba1e-791f-4aec-b082-1c529702373c",
            "initrd": "",
            "kernel": "",
            "machine": "ubuntu",
            "memory": 1024,
            "metadata": null,
            "name": "lab4-worker",
            "network_interface": [
              {
                "addresses": [
                  "192.168.122.87"
                ],
                "bridge": "",
                "hostname": "",
                "mac": "52:54:00:02:B8:88",
                "macvtap": "",
                "network_id": "4a302cab-5774-4344-bad9-734e9e924eb1",
                "network_name": "default",
                "passthrough": "",
                "vepa": "",
                "wait_for_lease": true
              }
            ],
            "nvram": [],
            "qemu_agent": false,
            "running": true,
            "timeouts": null,
            "tpm": [],
            "type": "kvm",
            "vcpu": 2,
            "video": [],
            "xml": []
          },
          "sensitive_attributes": [],
          "identity_schema_version": 0,
          "private": "eyJlMmJmYjczMC1lY2FhLTExZTYtOGY4OC0zNDM2M2JjN2M0YzAiOnsiY3JlYXRlIjozMDAwMDAwMDAwMDB9fQ==",
          "dependencies": [
            "libvirt_cloudinit_disk.worker",
            "libvirt_volume.ubuntu_base",
            "libvirt_volume.worker"
          ]
        }
      ]
    },
    {
      "mode": "managed",
      "type": "libvirt_volume",
      "name": "db",
      "provider": "provider[\"registry.terraform.io/dmacvicar/libvirt\"]",
      "instances": [
        {
          "schema_version": 0,
          "attributes": {
            "base_volume_id": "/var/lib/libvirt/images/ubuntu-base",
            "base_volume_name": null,
            "base_volume_pool": null,
            "format": "qcow2",
            "id": "/var/lib/libvirt/images/db.qcow2",
            "name": "db.qcow2",
            "pool": "default",
            "size": 10737418240,
            "source": null,
            "xml": []
          },
          "sensitive_attributes": [],
          "identity_schema_version": 0,
          "private": "bnVsbA==",
          "dependencies": [
            "libvirt_volume.ubuntu_base"
          ]
        }
      ]
    },
    {
      "mode": "managed",
      "type": "libvirt_volume",
      "name": "ubuntu_base",
      "provider": "provider[\"registry.terraform.io/dmacvicar/libvirt\"]",
      "instances": [
        {
          "schema_version": 0,
          "attributes": {
            "base_volume_id": null,
            "base_volume_name": null,
            "base_volume_pool": null,
            "format": "qcow2",
            "id": "/var/lib/libvirt/images/ubuntu-base",
            "name": "ubuntu-base",
            "pool": "default",
            "size": 2361393152,
            "source": "https://cloud-images.ubuntu.com/jammy/current/jammy-server-cloudimg-amd64.img",
            "xml": []
          },
          "sensitive_attributes": [],
          "identity_schema_version": 0,
          "private": "bnVsbA=="
        }
      ]
    },
    {
      "mode": "managed",
      "type": "libvirt_volume",
      "name": "worker",
      "provider": "provider[\"registry.terraform.io/dmacvicar/libvirt\"]",
      "instances": [
        {
          "schema_version": 0,
          "attributes": {
            "base_volume_id": "/var/lib/libvirt/images/ubuntu-base",
            "base_volume_name": null,
            "base_volume_pool": null,
            "format": "qcow2",
            "id": "/var/lib/libvirt/images/worker.qcow2",
            "name": "worker.qcow2",
            "pool": "default",
            "size": 10737418240,
            "source": null,
            "xml": []
          },
          "sensitive_attributes": [],
          "identity_schema_version": 0,
          "private": "bnVsbA==",
          "dependencies": [
            "libvirt_volume.ubuntu_base"
          ]
        }
      ]
    }
  ],
  "check_results": null
}
